// !$*UTF8*$!
{
	archiveVersion = 1;
	classes = {
	};
	objectVersion = 77;
	objects = {

/* Begin PBXBuildFile section */
		005DF5D987A741285495D34A /* PaperclipWebKitTests.swift in Sources */ = {isa = PBXBuildFile; fileRef = AE832D6735DBE21CC1855574 /* PaperclipWebKitTests.swift */; };
		0B439AB40268C7E2FCA0C40B /* AuditApp.swift in Sources */ = {isa = PBXBuildFile; fileRef = D3DA9CCE9C02A071E867162F /* AuditApp.swift */; };
		190AE65968385B4CE68CB9FB /* PaperclipLoginView.swift in Sources */ = {isa = PBXBuildFile; fileRef = 643C715F4D24FFDA43AC5557 /* PaperclipLoginView.swift */; };
		29390322F649D41DE72519D5 /* PaperclipWorkspaceView.swift in Sources */ = {isa = PBXBuildFile; fileRef = 68F9B2CEF9FF5EA37E377FB9 /* PaperclipWorkspaceView.swift */; };
		410A096310D68AAA06D9FE90 /* PaperclipDraft.swift in Sources */ = {isa = PBXBuildFile; fileRef = F97ECB4C8841E942D1314FF2 /* PaperclipDraft.swift */; };
		5867DC4F566775320A9467A3 /* PaperclipDraft.swift in Sources */ = {isa = PBXBuildFile; fileRef = F97ECB4C8841E942D1314FF2 /* PaperclipDraft.swift */; };
		5D0D9C57C852E293676A1FF0 /* PaperclipContract.swift in Sources */ = {isa = PBXBuildFile; fileRef = 957C5F94658AD079EC789C67 /* PaperclipContract.swift */; };
		760E752055E662CE15DBFFB8 /* PaperclipClient.swift in Sources */ = {isa = PBXBuildFile; fileRef = A4BA2E54AEE2FC2891774DC7 /* PaperclipClient.swift */; };
		80E927A74C295598DA3F93C3 /* PaperclipClientTests.swift in Sources */ = {isa = PBXBuildFile; fileRef = 06331BCFD64ED60899933E9B /* PaperclipClientTests.swift */; };
		A8D52DBCDF085F62EB9F6DBE /* PaperclipNativeJourneys.swift in Sources */ = {isa = PBXBuildFile; fileRef = A1B2237F5E25EECD28EE04A3 /* PaperclipNativeJourneys.swift */; };
		AA1213DFF7187AB3383C32B7 /* PaperclipWorkspaceStore.swift in Sources */ = {isa = PBXBuildFile; fileRef = 8889E8BDBD1AABF6CD4E8EC6 /* PaperclipWorkspaceStore.swift */; };
		AD47F614B2B586A418D5AFB6 /* PaperclipIssueDetailView.swift in Sources */ = {isa = PBXBuildFile; fileRef = 101866B0BC7786C980B51D68 /* PaperclipIssueDetailView.swift */; };
		B8EF15055FB68CC9258565B8 /* PaperclipContractTests.swift in Sources */ = {isa = PBXBuildFile; fileRef = 745BE3C62C6F4BBC6A828052 /* PaperclipContractTests.swift */; };
		C838D17CB242CDDB2FB27A8D /* PaperclipClient.swift in Sources */ = {isa = PBXBuildFile; fileRef = A4BA2E54AEE2FC2891774DC7 /* PaperclipClient.swift */; };
		CEED2372DA7BCAEE028D3985 /* PaperclipWorkspaceStore.swift in Sources */ = {isa = PBXBuildFile; fileRef = 8889E8BDBD1AABF6CD4E8EC6 /* PaperclipWorkspaceStore.swift */; };
		D7913248B6F14C89DE38D21C /* PaperclipIssueDetailView.swift in Sources */ = {isa = PBXBuildFile; fileRef = 101866B0BC7786C980B51D68 /* PaperclipIssueDetailView.swift */; };
		DCEFB923A268B097F70028AE /* PaperclipLoginView.swift in Sources */ = {isa = PBXBuildFile; fileRef = 643C715F4D24FFDA43AC5557 /* PaperclipLoginView.swift */; };
		F296E6CB994C2685956ECDBB /* PaperclipWorkspaceView.swift in Sources */ = {isa = PBXBuildFile; fileRef = 68F9B2CEF9FF5EA37E377FB9 /* PaperclipWorkspaceView.swift */; };
		FEE3B01928AF86E4F8E2C6F7 /* PaperclipContract.swift in Sources */ = {isa = PBXBuildFile; fileRef = 957C5F94658AD079EC789C67 /* PaperclipContract.swift */; };
/* End PBXBuildFile section */

/* Begin PBXContainerItemProxy section */
		56BCAEBBE79C80F32ADF9637 /* PBXContainerItemProxy */ = {
			isa = PBXContainerItemProxy;
			containerPortal = 8422A59A85529D45EF22D190 /* Project object */;
			proxyType = 1;
			remoteGlobalIDString = E9ADC55A2C9EAF0FCA192980;
			remoteInfo = PaperclipNativeAudit;
		};
/* End PBXContainerItemProxy section */

/* Begin PBXFileReference section */
		06331BCFD64ED60899933E9B /* PaperclipClientTests.swift */ = {isa = PBXFileReference; lastKnownFileType = sourcecode.swift; path = PaperclipClientTests.swift; sourceTree = "<group>"; };
		101866B0BC7786C980B51D68 /* PaperclipIssueDetailView.swift */ = {isa = PBXFileReference; lastKnownFileType = sourcecode.swift; path = PaperclipIssueDetailView.swift; sourceTree = "<group>"; };
		4D72C19F385D9233E31E67F9 /* PaperclipNativeAudit.app */ = {isa = PBXFileReference; includeInIndex = 0; lastKnownFileType = wrapper.application; path = PaperclipNativeAudit.app; sourceTree = BUILT_PRODUCTS_DIR; };
		57E6679E61F18810E47CF9FE /* PaperclipNativeJourneys.xctest */ = {isa = PBXFileReference; includeInIndex = 0; lastKnownFileType = wrapper.cfbundle; path = PaperclipNativeJourneys.xctest; sourceTree = BUILT_PRODUCTS_DIR; };
		643C715F4D24FFDA43AC5557 /* PaperclipLoginView.swift */ = {isa = PBXFileReference; lastKnownFileType = sourcecode.swift; path = PaperclipLoginView.swift; sourceTree = "<group>"; };
		68F9B2CEF9FF5EA37E377FB9 /* PaperclipWorkspaceView.swift */ = {isa = PBXFileReference; lastKnownFileType = sourcecode.swift; path = PaperclipWorkspaceView.swift; sourceTree = "<group>"; };
		745BE3C62C6F4BBC6A828052 /* PaperclipContractTests.swift */ = {isa = PBXFileReference; lastKnownFileType = sourcecode.swift; path = PaperclipContractTests.swift; sourceTree = "<group>"; };
		8889E8BDBD1AABF6CD4E8EC6 /* PaperclipWorkspaceStore.swift */ = {isa = PBXFileReference; lastKnownFileType = sourcecode.swift; path = PaperclipWorkspaceStore.swift; sourceTree = "<group>"; };
		957C5F94658AD079EC789C67 /* PaperclipContract.swift */ = {isa = PBXFileReference; lastKnownFileType = sourcecode.swift; path = PaperclipContract.swift; sourceTree = "<group>"; };
		A1B2237F5E25EECD28EE04A3 /* PaperclipNativeJourneys.swift */ = {isa = PBXFileReference; lastKnownFileType = sourcecode.swift; path = PaperclipNativeJourneys.swift; sourceTree = "<group>"; };
		A4BA2E54AEE2FC2891774DC7 /* PaperclipClient.swift */ = {isa = PBXFileReference; lastKnownFileType = sourcecode.swift; path = PaperclipClient.swift; sourceTree = "<group>"; };
		AE832D6735DBE21CC1855574 /* PaperclipWebKitTests.swift */ = {isa = PBXFileReference; lastKnownFileType = sourcecode.swift; path = PaperclipWebKitTests.swift; sourceTree = "<group>"; };
		D3DA9CCE9C02A071E867162F /* AuditApp.swift */ = {isa = PBXFileReference; lastKnownFileType = sourcecode.swift; path = AuditApp.swift; sourceTree = "<group>"; };
		F97ECB4C8841E942D1314FF2 /* PaperclipDraft.swift */ = {isa = PBXFileReference; lastKnownFileType = sourcecode.swift; path = PaperclipDraft.swift; sourceTree = "<group>"; };
		FD02D7B7E8051869EADAD98F /* PaperclipNativeTests.xctest */ = {isa = PBXFileReference; includeInIndex = 0; lastKnownFileType = wrapper.cfbundle; path = PaperclipNativeTests.xctest; sourceTree = BUILT_PRODUCTS_DIR; };
/* End PBXFileReference section */

/* Begin PBXGroup section */
		1A94E132E54DD344A94F53CC /* Paperclip */ = {
			isa = PBXGroup;
			children = (
				A4BA2E54AEE2FC2891774DC7 /* PaperclipClient.swift */,
				957C5F94658AD079EC789C67 /* PaperclipContract.swift */,
				F97ECB4C8841E942D1314FF2 /* PaperclipDraft.swift */,
				8889E8BDBD1AABF6CD4E8EC6 /* PaperclipWorkspaceStore.swift */,
			);
			name = Paperclip;
			path = ../../src/ios/Agent/Paperclip;
			sourceTree = "<group>";
		};
		523217B03152E8E21B8F391A /* Paperclip */ = {
			isa = PBXGroup;
			children = (
				101866B0BC7786C980B51D68 /* PaperclipIssueDetailView.swift */,
				643C715F4D24FFDA43AC5557 /* PaperclipLoginView.swift */,
				68F9B2CEF9FF5EA37E377FB9 /* PaperclipWorkspaceView.swift */,
			);
			name = Paperclip;
			path = ../../src/ios/Views/Paperclip;
			sourceTree = "<group>";
		};
		52794492D64168411B0EE38E /* MinisTests */ = {
			isa = PBXGroup;
			children = (
				06331BCFD64ED60899933E9B /* PaperclipClientTests.swift */,
				745BE3C62C6F4BBC6A828052 /* PaperclipContractTests.swift */,
			);
			name = MinisTests;
			path = ../../src/ios/MinisTests;
			sourceTree = "<group>";
		};
		78EBB330E326C30C135B3E40 = {
			isa = PBXGroup;
			children = (
				D3DA9CCE9C02A071E867162F /* AuditApp.swift */,
				52794492D64168411B0EE38E /* MinisTests */,
				1A94E132E54DD344A94F53CC /* Paperclip */,
				523217B03152E8E21B8F391A /* Paperclip */,
				DC79D1644B9580C9786BE11B /* Tests */,
				F173DB718202C16452038534 /* UITests */,
				C56D0EC2C842F97C3C7D17E4 /* Products */,
			);
			sourceTree = "<group>";
		};
		C56D0EC2C842F97C3C7D17E4 /* Products */ = {
			isa = PBXGroup;
			children = (
				4D72C19F385D9233E31E67F9 /* PaperclipNativeAudit.app */,
				57E6679E61F18810E47CF9FE /* PaperclipNativeJourneys.xctest */,
				FD02D7B7E8051869EADAD98F /* PaperclipNativeTests.xctest */,
			);
			name = Products;
			sourceTree = "<group>";
		};
		DC79D1644B9580C9786BE11B /* Tests */ = {
			isa = PBXGroup;
			children = (
				AE832D6735DBE21CC1855574 /* PaperclipWebKitTests.swift */,
			);
			path = Tests;
			sourceTree = "<group>";
		};
		F173DB718202C16452038534 /* UITests */ = {
			isa = PBXGroup;
			children = (
				A1B2237F5E25EECD28EE04A3 /* PaperclipNativeJourneys.swift */,
			);
			path = UITests;
			sourceTree = "<group>";
		};
/* End PBXGroup section */

/* Begin PBXNativeTarget section */
		61E04126E90DCED1869AB293 /* PaperclipNativeJourneys */ = {
			isa = PBXNativeTarget;
			buildConfigurationList = 36A30FE9A845CEF1EACFD4B6 /* Build configuration list for PBXNativeTarget "PaperclipNativeJourneys" */;
			buildPhases = (
				1B85922F679147E1F2CB6863 /* Sources */,
			);
			buildRules = (
			);
			dependencies = (
				887661976BD7DA369D432E76 /* PBXTargetDependency */,
			);
			name = PaperclipNativeJourneys;
			packageProductDependencies = (
			);
			productName = PaperclipNativeJourneys;
			productReference = 57E6679E61F18810E47CF9FE /* PaperclipNativeJourneys.xctest */;
			productType = "com.apple.product-type.bundle.ui-testing";
		};
		E393DD1AEC1CE80C99D39866 /* PaperclipNativeTests */ = {
			isa = PBXNativeTarget;
			buildConfigurationList = 955D37406B59308EE01B7CC7 /* Build configuration list for PBXNativeTarget "PaperclipNativeTests" */;
			buildPhases = (
				77410BB8AF3FCB8596ED3DF9 /* Sources */,
			);
			buildRules = (
			);
			dependencies = (
			);
			name = PaperclipNativeTests;
			packageProductDependencies = (
			);
			productName = PaperclipNativeTests;
			productReference = FD02D7B7E8051869EADAD98F /* PaperclipNativeTests.xctest */;
			productType = "com.apple.product-type.bundle.unit-test";
		};
		E9ADC55A2C9EAF0FCA192980 /* PaperclipNativeAudit */ = {
			isa = PBXNativeTarget;
			buildConfigurationList = A5A768B6E31F952BC99C80AB /* Build configuration list for PBXNativeTarget "PaperclipNativeAudit" */;
			buildPhases = (
				92B5F3871735D070BD39D3CE /* Sources */,
			);
			buildRules = (
			);
			dependencies = (
			);
			name = PaperclipNativeAudit;
			packageProductDependencies = (
			);
			productName = PaperclipNativeAudit;
			productReference = 4D72C19F385D9233E31E67F9 /* PaperclipNativeAudit.app */;
			productType = "com.apple.product-type.application";
		};
/* End PBXNativeTarget section */

/* Begin PBXProject section */
		8422A59A85529D45EF22D190 /* Project object */ = {
			isa = PBXProject;
			attributes = {
				BuildIndependentTargetsInParallel = YES;
				LastUpgradeCheck = 1430;
				TargetAttributes = {
					61E04126E90DCED1869AB293 = {
						TestTargetID = E9ADC55A2C9EAF0FCA192980;
					};
				};
			};
			buildConfigurationList = 6208B8AE5D4077BFEDA1CE80 /* Build configuration list for PBXProject "PaperclipNativeAudit" */;
			developmentRegion = en;
			hasScannedForEncodings = 0;
			knownRegions = (
				Base,
				en,
			);
			mainGroup = 78EBB330E326C30C135B3E40;
			minimizedProjectReferenceProxies = 1;
			preferredProjectObjectVersion = 77;
			productRefGroup = C56D0EC2C842F97C3C7D17E4 /* Products */;
			projectDirPath = "";
			projectRoot = "";
			targets = (
				E9ADC55A2C9EAF0FCA192980 /* PaperclipNativeAudit */,
				E393DD1AEC1CE80C99D39866 /* PaperclipNativeTests */,
				61E04126E90DCED1869AB293 /* PaperclipNativeJourneys */,
			);
		};
/* End PBXProject section */

/* Begin PBXSourcesBuildPhase section */
		1B85922F679147E1F2CB6863 /* Sources */ = {
			isa = PBXSourcesBuildPhase;
			buildActionMask = 2147483647;
			files = (
				A8D52DBCDF085F62EB9F6DBE /* PaperclipNativeJourneys.swift in Sources */,
			);
			runOnlyForDeploymentPostprocessing = 0;
		};
		77410BB8AF3FCB8596ED3DF9 /* Sources */ = {
			isa = PBXSourcesBuildPhase;
			buildActionMask = 2147483647;
			files = (
				760E752055E662CE15DBFFB8 /* PaperclipClient.swift in Sources */,
				80E927A74C295598DA3F93C3 /* PaperclipClientTests.swift in Sources */,
				5D0D9C57C852E293676A1FF0 /* PaperclipContract.swift in Sources */,
				B8EF15055FB68CC9258565B8 /* PaperclipContractTests.swift in Sources */,
				5867DC4F566775320A9467A3 /* PaperclipDraft.swift in Sources */,
				D7913248B6F14C89DE38D21C /* PaperclipIssueDetailView.swift in Sources */,
				DCEFB923A268B097F70028AE /* PaperclipLoginView.swift in Sources */,
				005DF5D987A741285495D34A /* PaperclipWebKitTests.swift in Sources */,
				AA1213DFF7187AB3383C32B7 /* PaperclipWorkspaceStore.swift in Sources */,
				29390322F649D41DE72519D5 /* PaperclipWorkspaceView.swift in Sources */,
			);
			runOnlyForDeploymentPostprocessing = 0;
		};
		92B5F3871735D070BD39D3CE /* Sources */ = {
			isa = PBXSourcesBuildPhase;
			buildActionMask = 2147483647;
			files = (
				0B439AB40268C7E2FCA0C40B /* AuditApp.swift in Sources */,
				C838D17CB242CDDB2FB27A8D /* PaperclipClient.swift in Sources */,
				FEE3B01928AF86E4F8E2C6F7 /* PaperclipContract.swift in Sources */,
				410A096310D68AAA06D9FE90 /* PaperclipDraft.swift in Sources */,
				AD47F614B2B586A418D5AFB6 /* PaperclipIssueDetailView.swift in Sources */,
				190AE65968385B4CE68CB9FB /* PaperclipLoginView.swift in Sources */,
				CEED2372DA7BCAEE028D3985 /* PaperclipWorkspaceStore.swift in Sources */,
				F296E6CB994C2685956ECDBB /* PaperclipWorkspaceView.swift in Sources */,
			);
			runOnlyForDeploymentPostprocessing = 0;
		};
/* End PBXSourcesBuildPhase section */

/* Begin PBXTargetDependency section */
		887661976BD7DA369D432E76 /* PBXTargetDependency */ = {
			isa = PBXTargetDependency;
			target = E9ADC55A2C9EAF0FCA192980 /* PaperclipNativeAudit */;
			targetProxy = 56BCAEBBE79C80F32ADF9637 /* PBXContainerItemProxy */;
		};
/* End PBXTargetDependency section */

/* Begin XCBuildConfiguration section */
		077B9F763DA4D4BE88365409 /* Release */ = {
			isa = XCBuildConfiguration;
			buildSettings = {
				BUNDLE_LOADER = "$(TEST_HOST)";
				LD_RUNPATH_SEARCH_PATHS = (
					"$(inherited)",
					"@executable_path/Frameworks",
					"@loader_path/Frameworks",
				);
				PRODUCT_BUNDLE_IDENTIFIER = "com.leoyuan.paperclip-native-audit.journeys";
				SDKROOT = iphoneos;
				TARGETED_DEVICE_FAMILY = "1,2";
				TEST_TARGET_NAME = PaperclipNativeAudit;
			};
			name = Release;
		};
		1F0104AACA7DBC791E54A2C4 /* Debug */ = {
			isa = XCBuildConfiguration;
			buildSettings = {
				ALWAYS_SEARCH_USER_PATHS = NO;
				CLANG_ANALYZER_NONNULL = YES;
				CLANG_ANALYZER_NUMBER_OBJECT_CONVERSION = YES_AGGRESSIVE;
				CLANG_CXX_LANGUAGE_STANDARD = "gnu++14";
				CLANG_CXX_LIBRARY = "libc++";
				CLANG_ENABLE_MODULES = YES;
				CLANG_ENABLE_OBJC_ARC = YES;
				CLANG_ENABLE_OBJC_WEAK = YES;
				CLANG_WARN_BLOCK_CAPTURE_AUTORELEASING = YES;
				CLANG_WARN_BOOL_CONVERSION = YES;
				CLANG_WARN_COMMA = YES;
				CLANG_WARN_CONSTANT_CONVERSION = YES;
				CLANG_WARN_DEPRECATED_OBJC_IMPLEMENTATIONS = YES;
				CLANG_WARN_DIRECT_OBJC_ISA_USAGE = YES_ERROR;
				CLANG_WARN_DOCUMENTATION_COMMENTS = YES;
				CLANG_WARN_EMPTY_BODY = YES;
				CLANG_WARN_ENUM_CONVERSION = YES;
				CLANG_WARN_INFINITE_RECURSION = YES;
				CLANG_WARN_INT_CONVERSION = YES;
				CLANG_WARN_NON_LITERAL_NULL_CONVERSION = YES;
				CLANG_WARN_OBJC_IMPLICIT_RETAIN_SELF = YES;
				CLANG_WARN_OBJC_LITERAL_CONVERSION = YES;
				CLANG_WARN_OBJC_ROOT_CLASS = YES_ERROR;
				CLANG_WARN_QUOTED_INCLUDE_IN_FRAMEWORK_HEADER = YES;
				CLANG_WARN_RANGE_LOOP_ANALYSIS = YES;
				CLANG_WARN_STRICT_PROTOTYPES = YES;
				CLANG_WARN_SUSPICIOUS_MOVE = YES;
				CLANG_WARN_UNGUARDED_AVAILABILITY = YES_AGGRESSIVE;
				CLANG_WARN_UNREACHABLE_CODE = YES;
				CLANG_WARN__DUPLICATE_METHOD_MATCH = YES;
				CODE_SIGNING_ALLOWED = NO;
				COPY_PHASE_STRIP = NO;
				DEBUG_INFORMATION_FORMAT = dwarf;
				ENABLE_STRICT_OBJC_MSGSEND = YES;
				ENABLE_TESTABILITY = YES;
				GCC_C_LANGUAGE_STANDARD = gnu11;
				GCC_DYNAMIC_NO_PIC = NO;
				GCC_NO_COMMON_BLOCKS = YES;
				GCC_OPTIMIZATION_LEVEL = 0;
				GCC_PREPROCESSOR_DEFINITIONS = (
					"$(inherited)",
					"DEBUG=1",
				);
				GCC_WARN_64_TO_32_BIT_CONVERSION = YES;
				GCC_WARN_ABOUT_RETURN_TYPE = YES_ERROR;
				GCC_WARN_UNDECLARED_SELECTOR = YES;
				GCC_WARN_UNINITIALIZED_AUTOS = YES_AGGRESSIVE;
				GCC_WARN_UNUSED_FUNCTION = YES;
				GCC_WARN_UNUSED_VARIABLE = YES;
				GENERATE_INFOPLIST_FILE = YES;
				IPHONEOS_DEPLOYMENT_TARGET = 26.2;
				MTL_ENABLE_DEBUG_INFO = INCLUDE_SOURCE;
				MTL_FAST_MATH = YES;
				ONLY_ACTIVE_ARCH = YES;
				PRODUCT_NAME = "$(TARGET_NAME)";
				SDKROOT = iphoneos;
				SWIFT_ACTIVE_COMPILATION_CONDITIONS = DEBUG;
				SWIFT_OPTIMIZATION_LEVEL = "-Onone";
				SWIFT_VERSION = 6.0;
				TARGETED_DEVICE_FAMILY = "1,2";
			};
			name = Debug;
		};
		368E500777C5FBEF0C231598 /* Debug */ = {
			isa = XCBuildConfiguration;
			buildSettings = {
				ASSETCATALOG_COMPILER_APPICON_NAME = AppIcon;
				CODE_SIGN_IDENTITY = "iPhone Developer";
				INFOPLIST_KEY_UIApplicationSceneManifest_Generation = YES;
				INFOPLIST_KEY_UILaunchScreen_Generation = YES;
				LD_RUNPATH_SEARCH_PATHS = (
					"$(inherited)",
					"@executable_path/Frameworks",
				);
				PRODUCT_BUNDLE_IDENTIFIER = "com.leoyuan.paperclip-native-audit";
				SDKROOT = iphoneos;
				TARGETED_DEVICE_FAMILY = "1,2";
			};
			name = Debug;
		};
		690DDF161B25FF494B16DA6B /* Release */ = {
			isa = XCBuildConfiguration;
			buildSettings = {
				BUNDLE_LOADER = "$(TEST_HOST)";
				LD_RUNPATH_SEARCH_PATHS = (
					"$(inherited)",
					"@executable_path/Frameworks",
					"@loader_path/Frameworks",
				);
				PRODUCT_BUNDLE_IDENTIFIER = "com.leoyuan.paperclip-native-audit.tests";
				SDKROOT = iphoneos;
				TARGETED_DEVICE_FAMILY = "1,2";
				TEST_HOST = "";
			};
			name = Release;
		};
		7805D40177A9E25F260E9F12 /* Release */ = {
			isa = XCBuildConfiguration;
			buildSettings = {
				ASSETCATALOG_COMPILER_APPICON_NAME = AppIcon;
				CODE_SIGN_IDENTITY = "iPhone Developer";
				INFOPLIST_KEY_UIApplicationSceneManifest_Generation = YES;
				INFOPLIST_KEY_UILaunchScreen_Generation = YES;
				LD_RUNPATH_SEARCH_PATHS = (
					"$(inherited)",
					"@executable_path/Frameworks",
				);
				PRODUCT_BUNDLE_IDENTIFIER = "com.leoyuan.paperclip-native-audit";
				SDKROOT = iphoneos;
				TARGETED_DEVICE_FAMILY = "1,2";
			};
			name = Release;
		};
		AE55C50D4D83E4DB0752081D /* Debug */ = {
			isa = XCBuildConfiguration;
			buildSettings = {
				BUNDLE_LOADER = "$(TEST_HOST)";
				LD_RUNPATH_SEARCH_PATHS = (
					"$(inherited)",
					"@executable_path/Frameworks",
					"@loader_path/Frameworks",
				);
				PRODUCT_BUNDLE_IDENTIFIER = "com.leoyuan.paperclip-native-audit.tests";
				SDKROOT = iphoneos;
				TARGETED_DEVICE_FAMILY = "1,2";
				TEST_HOST = "";
			};
			name = Debug;
		};
		CED90D266A0A205A1584C1AE /* Release */ = {
			isa = XCBuildConfiguration;
			buildSettings = {
				ALWAYS_SEARCH_USER_PATHS = NO;
				CLANG_ANALYZER_NONNULL = YES;
				CLANG_ANALYZER_NUMBER_OBJECT_CONVERSION = YES_AGGRESSIVE;
				CLANG_CXX_LANGUAGE_STANDARD = "gnu++14";
				CLANG_CXX_LIBRARY = "libc++";
				CLANG_ENABLE_MODULES = YES;
				CLANG_ENABLE_OBJC_ARC = YES;
				CLANG_ENABLE_OBJC_WEAK = YES;
				CLANG_WARN_BLOCK_CAPTURE_AUTORELEASING = YES;
				CLANG_WARN_BOOL_CONVERSION = YES;
				CLANG_WARN_COMMA = YES;
				CLANG_WARN_CONSTANT_CONVERSION = YES;
				CLANG_WARN_DEPRECATED_OBJC_IMPLEMENTATIONS = YES;
				CLANG_WARN_DIRECT_OBJC_ISA_USAGE = YES_ERROR;
				CLANG_WARN_DOCUMENTATION_COMMENTS = YES;
				CLANG_WARN_EMPTY_BODY = YES;
				CLANG_WARN_ENUM_CONVERSION = YES;
				CLANG_WARN_INFINITE_RECURSION = YES;
				CLANG_WARN_INT_CONVERSION = YES;
				CLANG_WARN_NON_LITERAL_NULL_CONVERSION = YES;
				CLANG_WARN_OBJC_IMPLICIT_RETAIN_SELF = YES;
				CLANG_WARN_OBJC_LITERAL_CONVERSION = YES;
				CLANG_WARN_OBJC_ROOT_CLASS = YES_ERROR;
				CLANG_WARN_QUOTED_INCLUDE_IN_FRAMEWORK_HEADER = YES;
				CLANG_WARN_RANGE_LOOP_ANALYSIS = YES;
				CLANG_WARN_STRICT_PROTOTYPES = YES;
				CLANG_WARN_SUSPICIOUS_MOVE = YES;
				CLANG_WARN_UNGUARDED_AVAILABILITY = YES_AGGRESSIVE;
				CLANG_WARN_UNREACHABLE_CODE = YES;
				CLANG_WARN__DUPLICATE_METHOD_MATCH = YES;
				CODE_SIGNING_ALLOWED = NO;
				COPY_PHASE_STRIP = NO;
				DEBUG_INFORMATION_FORMAT = "dwarf-with-dsym";
				ENABLE_NS_ASSERTIONS = NO;
				ENABLE_STRICT_OBJC_MSGSEND = YES;
				GCC_C_LANGUAGE_STANDARD = gnu11;
				GCC_NO_COMMON_BLOCKS = YES;
				GCC_WARN_64_TO_32_BIT_CONVERSION = YES;
				GCC_WARN_ABOUT_RETURN_TYPE = YES_ERROR;
				GCC_WARN_UNDECLARED_SELECTOR = YES;
				GCC_WARN_UNINITIALIZED_AUTOS = YES_AGGRESSIVE;
				GCC_WARN_UNUSED_FUNCTION = YES;
				GCC_WARN_UNUSED_VARIABLE = YES;
				GENERATE_INFOPLIST_FILE = YES;
				IPHONEOS_DEPLOYMENT_TARGET = 26.2;
				MTL_ENABLE_DEBUG_INFO = NO;
				MTL_FAST_MATH = YES;
				PRODUCT_NAME = "$(TARGET_NAME)";
				SDKROOT = iphoneos;
				SWIFT_COMPILATION_MODE = wholemodule;
				SWIFT_OPTIMIZATION_LEVEL = "-O";
				SWIFT_VERSION = 6.0;
				TARGETED_DEVICE_FAMILY = "1,2";
			};
			name = Release;
		};
		F987233D8EAD339F1CABD0E7 /* Debug */ = {
			isa = XCBuildConfiguration;
			buildSettings = {
				BUNDLE_LOADER = "$(TEST_HOST)";
				LD_RUNPATH_SEARCH_PATHS = (
					"$(inherited)",
					"@executable_path/Frameworks",
					"@loader_path/Frameworks",
				);
				PRODUCT_BUNDLE_IDENTIFIER = "com.leoyuan.paperclip-native-audit.journeys";
				SDKROOT = iphoneos;
				TARGETED_DEVICE_FAMILY = "1,2";
				TEST_TARGET_NAME = PaperclipNativeAudit;
			};
			name = Debug;
		};
/* End XCBuildConfiguration section */

/* Begin XCConfigurationList section */
		36A30FE9A845CEF1EACFD4B6 /* Build configuration list for PBXNativeTarget "PaperclipNativeJourneys" */ = {
			isa = XCConfigurationList;
			buildConfigurations = (
				F987233D8EAD339F1CABD0E7 /* Debug */,
				077B9F763DA4D4BE88365409 /* Release */,
			);
			defaultConfigurationIsVisible = 0;
			defaultConfigurationName = Debug;
		};
		6208B8AE5D4077BFEDA1CE80 /* Build configuration list for PBXProject "PaperclipNativeAudit" */ = {
			isa = XCConfigurationList;
			buildConfigurations = (
				1F0104AACA7DBC791E54A2C4 /* Debug */,
				CED90D266A0A205A1584C1AE /* Release */,
			);
			defaultConfigurationIsVisible = 0;
			defaultConfigurationName = Debug;
		};
		955D37406B59308EE01B7CC7 /* Build configuration list for PBXNativeTarget "PaperclipNativeTests" */ = {
			isa = XCConfigurationList;
			buildConfigurations = (
				AE55C50D4D83E4DB0752081D /* Debug */,
				690DDF161B25FF494B16DA6B /* Release */,
			);
			defaultConfigurationIsVisible = 0;
			defaultConfigurationName = Debug;
		};
		A5A768B6E31F952BC99C80AB /* Build configuration list for PBXNativeTarget "PaperclipNativeAudit" */ = {
			isa = XCConfigurationList;
			buildConfigurations = (
				368E500777C5FBEF0C231598 /* Debug */,
				7805D40177A9E25F260E9F12 /* Release */,
			);
			defaultConfigurationIsVisible = 0;
			defaultConfigurationName = Debug;
		};
/* End XCConfigurationList section */
	};
	rootObject = 8422A59A85529D45EF22D190 /* Project object */;
}
